
Microsoft Visual Studio Solution File, Format Version 12.00
# Visual Studio Version 16
VisualStudioVersion = 16.0.29215.179
MinimumVisualStudioVersion = 10.0.40219.1
Project("{FAE04EC0-301F-11D3-BF4B-00C04F79EFBC}") = "FileEncryptor", "FileEncryptor\FileEncryptor.csproj", "{82FF4E41-7B30-46CE-8C51-52D6803C6655}"
EndProject
Global
	GlobalSection(SolutionConfigurationPlatforms) = preSolution
		Debug|Any CPU = Debug|Any CPU
		Release|Any CPU = Release|Any CPU
	EndGlobalSection
	GlobalSection(ProjectConfigurationPlatforms) = postSolution
		{82FF4E41-7B30-46CE-8C51-52D6803C6655}.Debug|Any CPU.ActiveCfg = Debug|Any CPU
		{82FF4E41-7B30-46CE-8C51-52D6803C6655}.Debug|Any CPU.Build.0 = Debug|Any CPU
		{82FF4E41-7B30-46CE-8C51-52D6803C6655}.Release|Any CPU.ActiveCfg = Release|Any CPU
		{82FF4E41-7B30-46CE-8C51-52D6803C6655}.Release|Any CPU.Build.0 = Release|Any CPU
	EndGlobalSection
	GlobalSection(SolutionProperties) = preSolution
		HideSolutionNode = FALSE
	EndGlobalSection
	GlobalSection(ExtensibilityGlobals) = postSolution
		SolutionGuid = {C6032945-81BC-4453-9762-456A6652F702}
	EndGlobalSection
EndGlobal
